
Microsoft Visual Studio Solution File, Format Version 12.00
# Visual Studio Version 17
VisualStudioVersion = 17.0.32112.339
MinimumVisualStudioVersion = 10.0.40219.1
Project("{9A19103F-16F7-4668-BE54-9A1E7A4F7556}") = "Foodcore", "Foodcore.csproj", "{AB850AE6-CA16-4FAA-8B21-DC48009C3FCE}"
EndProject
Global
	GlobalSection(SolutionConfigurationPlatforms) = preSolution
		Debug|Any CPU = Debug|Any CPU
		Release|Any CPU = Release|Any CPU
	EndGlobalSection
	GlobalSection(ProjectConfigurationPlatforms) = postSolution
		{AB850AE6-CA16-4FAA-8B21-DC48009C3FCE}.Debug|Any CPU.ActiveCfg = Debug|Any CPU
		{AB850AE6-CA16-4FAA-8B21-DC48009C3FCE}.Debug|Any CPU.Build.0 = Debug|Any CPU
		{AB850AE6-CA16-4FAA-8B21-DC48009C3FCE}.Release|Any CPU.ActiveCfg = Release|Any CPU
		{AB850AE6-CA16-4FAA-8B21-DC48009C3FCE}.Release|Any CPU.Build.0 = Release|Any CPU
	EndGlobalSection
	GlobalSection(SolutionProperties) = preSolution
		HideSolutionNode = FALSE
	EndGlobalSection
	GlobalSection(ExtensibilityGlobals) = postSolution
		SolutionGuid = {7D1F127A-21FF-4457-878D-B1C5539C2CE0}
	EndGlobalSection
EndGlobal
